
Microsoft Visual Studio Solution File, Format Version 12.00
# Visual Studio Version 17
VisualStudioVersion = 17.4.33205.214
MinimumVisualStudioVersion = 10.0.40219.1
Project("{FAE04EC0-301F-11D3-BF4B-00C04F79EFBC}") = "test_DataBase", "test_DataBase.csproj", "{083E7BB8-361E-4EA0-A952-931AB10C33D5}"
EndProject
Project("{FAE04EC0-301F-11D3-BF4B-00C04F79EFBC}") = "EmplAddClassCheck", "..\EmplAddClassCheck\EmplAddClassCheck.csproj", "{7BAC6C44-CA7F-480F-97E1-32D82882BF84}"
EndProject
Global
	GlobalSection(SolutionConfigurationPlatforms) = preSolution
		Debug|Any CPU = Debug|Any CPU
		Release|Any CPU = Release|Any CPU
	EndGlobalSection
	GlobalSection(ProjectConfigurationPlatforms) = postSolution
		{083E7BB8-361E-4EA0-A952-931AB10C33D5}.Debug|Any CPU.ActiveCfg = Debug|Any CPU
		{083E7BB8-361E-4EA0-A952-931AB10C33D5}.Debug|Any CPU.Build.0 = Debug|Any CPU
		{083E7BB8-361E-4EA0-A952-931AB10C33D5}.Release|Any CPU.ActiveCfg = Release|Any CPU
		{083E7BB8-361E-4EA0-A952-931AB10C33D5}.Release|Any CPU.Build.0 = Release|Any CPU
		{7BAC6C44-CA7F-480F-97E1-32D82882BF84}.Debug|Any CPU.ActiveCfg = Debug|Any CPU
		{7BAC6C44-CA7F-480F-97E1-32D82882BF84}.Debug|Any CPU.Build.0 = Debug|Any CPU
		{7BAC6C44-CA7F-480F-97E1-32D82882BF84}.Release|Any CPU.ActiveCfg = Release|Any CPU
		{7BAC6C44-CA7F-480F-97E1-32D82882BF84}.Release|Any CPU.Build.0 = Release|Any CPU
	EndGlobalSection
	GlobalSection(SolutionProperties) = preSolution
		HideSolutionNode = FALSE
	EndGlobalSection
	GlobalSection(ExtensibilityGlobals) = postSolution
		SolutionGuid = {17E6C708-491E-45AA-87BF-A3E27A5932A5}
	EndGlobalSection
EndGlobal
